
Microsoft Visual Studio Solution File, Format Version 12.00
# Visual Studio Version 16
VisualStudioVersion = 16.0.29318.209
MinimumVisualStudioVersion = 10.0.40219.1
Project("{FAE04EC0-301F-11D3-BF4B-00C04F79EFBC}") = "SimUDuckApp", "SimUDuck\SimUDuckApp.csproj", "{0FE7FD19-F344-4ED2-BAEC-C25F283C6E1F}"
EndProject
Global
	GlobalSection(SolutionConfigurationPlatforms) = preSolution
		Debug|Any CPU = Debug|Any CPU
		Release|Any CPU = Release|Any CPU
	EndGlobalSection
	GlobalSection(ProjectConfigurationPlatforms) = postSolution
		{0FE7FD19-F344-4ED2-BAEC-C25F283C6E1F}.Debug|Any CPU.ActiveCfg = Debug|Any CPU
		{0FE7FD19-F344-4ED2-BAEC-C25F283C6E1F}.Debug|Any CPU.Build.0 = Debug|Any CPU
		{0FE7FD19-F344-4ED2-BAEC-C25F283C6E1F}.Release|Any CPU.ActiveCfg = Release|Any CPU
		{0FE7FD19-F344-4ED2-BAEC-C25F283C6E1F}.Release|Any CPU.Build.0 = Release|Any CPU
	EndGlobalSection
	GlobalSection(SolutionProperties) = preSolution
		HideSolutionNode = FALSE
	EndGlobalSection
	GlobalSection(ExtensibilityGlobals) = postSolution
		SolutionGuid = {C00BBF0B-C5B2-4A93-8E0E-8054CE1BFBD7}
	EndGlobalSection
EndGlobal
